
Microsoft Visual Studio Solution File, Format Version 12.00
# Visual Studio 15
VisualStudioVersion = 15.0.26730.16
MinimumVisualStudioVersion = 10.0.40219.1
Project("{FAE04EC0-301F-11D3-BF4B-00C04F79EFBC}") = "Contest 2017", "Contest 2017\Contest 2017.csproj", "{04BBBD8B-F078-4098-BB7C-838C9CA4B5DB}"
EndProject
Global
	GlobalSection(SolutionConfigurationPlatforms) = preSolution
		Debug|Any CPU = Debug|Any CPU
		Release|Any CPU = Release|Any CPU
	EndGlobalSection
	GlobalSection(ProjectConfigurationPlatforms) = postSolution
		{04BBBD8B-F078-4098-BB7C-838C9CA4B5DB}.Debug|Any CPU.ActiveCfg = Debug|Any CPU
		{04BBBD8B-F078-4098-BB7C-838C9CA4B5DB}.Debug|Any CPU.Build.0 = Debug|Any CPU
		{04BBBD8B-F078-4098-BB7C-838C9CA4B5DB}.Release|Any CPU.ActiveCfg = Release|Any CPU
		{04BBBD8B-F078-4098-BB7C-838C9CA4B5DB}.Release|Any CPU.Build.0 = Release|Any CPU
	EndGlobalSection
	GlobalSection(SolutionProperties) = preSolution
		HideSolutionNode = FALSE
	EndGlobalSection
	GlobalSection(ExtensibilityGlobals) = postSolution
		SolutionGuid = {6A593026-F4B1-489B-B5C7-80F190CBE6AD}
	EndGlobalSection
EndGlobal
